
Microsoft Visual Studio Solution File, Format Version 12.00
# Visual Studio 15
VisualStudioVersion = 15.0.26730.10
MinimumVisualStudioVersion = 10.0.40219.1
Project("{FAE04EC0-301F-11D3-BF4B-00C04F79EFBC}") = "SqlSugar", "SqlSugar\SqlSugar.csproj", "{489BB790-226C-4FAD-8D1E-51D72A7FF8E5}"
EndProject
Project("{FAE04EC0-301F-11D3-BF4B-00C04F79EFBC}") = "SqlServerTest", "SqlServerTest\SqlServerTest.csproj", "{CB591654-0476-40AA-8508-784CF32BE239}"
EndProject
Project("{FAE04EC0-301F-11D3-BF4B-00C04F79EFBC}") = "MySqlTest", "MySqlTest\MySqlTest.csproj", "{B72FC095-9AFA-4375-AF14-402339BAF1DF}"
EndProject
Project("{FAE04EC0-301F-11D3-BF4B-00C04F79EFBC}") = "SqliteTest", "SqliteTest\SqliteTest.csproj", "{D48622B3-F4CD-45CD-B1C9-868083037ECD}"
EndProject
Project("{FAE04EC0-301F-11D3-BF4B-00C04F79EFBC}") = "OracleTest", "OracleTest\OracleTest.csproj", "{4177D054-D113-4F8A-9E01-642E072F9C87}"
EndProject
Project("{FAE04EC0-301F-11D3-BF4B-00C04F79EFBC}") = "PerformanceTest", "PerformanceTest\PerformanceTest.csproj", "{60D6AA62-93ED-4D02-80E4-6BEB81766D3E}"
EndProject
Project("{2150E333-8FDC-42A3-9474-1A3956D46DE8}") = "SqlSugar.Extensions", "SqlSugar.Extensions", "{B762D1DA-DFCD-4597-A14D-4F20DA0EE70E}"
EndProject
Project("{FAE04EC0-301F-11D3-BF4B-00C04F79EFBC}") = "ExtensionsDemo", "ExtensionsDemo\ExtensionsDemo.csproj", "{EBBA686A-C1F0-4823-85EB-32EB306ADD7F}"
EndProject
Project("{FAE04EC0-301F-11D3-BF4B-00C04F79EFBC}") = "SqlSugar.Extensions.DataCache", "SqlSugar.Extensions.DataCache\SqlSugar.Extensions.DataCache.csproj", "{CDB72ABE-0336-4730-A195-ABF2611DEEAA}"
EndProject
Project("{FAE04EC0-301F-11D3-BF4B-00C04F79EFBC}") = "NugetTest", "NugetTest\NugetTest.csproj", "{A7202527-A5CC-4F9B-B8F2-63520892F01D}"
EndProject
Project("{FAE04EC0-301F-11D3-BF4B-00C04F79EFBC}") = "SqlSugar.DbFirstExtensions", "SqlSugar.DbFirstExtensions\SqlSugar.DbFirstExtensions.csproj", "{629CDF51-682F-4B22-843A-BA76C232ACCD}"
EndProject
Project("{FAE04EC0-301F-11D3-BF4B-00C04F79EFBC}") = "PgSqlTest", "PgSqlTest\PgSqlTest.csproj", "{86A55D46-B5F5-44B4-8B60-2AED1E2EDD99}"
EndProject
Global
	GlobalSection(SolutionConfigurationPlatforms) = preSolution
		Debug|Any CPU = Debug|Any CPU
		Release|Any CPU = Release|Any CPU
	EndGlobalSection
	GlobalSection(ProjectConfigurationPlatforms) = postSolution
		{489BB790-226C-4FAD-8D1E-51D72A7FF8E5}.Debug|Any CPU.ActiveCfg = Debug|Any CPU
		{489BB790-226C-4FAD-8D1E-51D72A7FF8E5}.Debug|Any CPU.Build.0 = Debug|Any CPU
		{489BB790-226C-4FAD-8D1E-51D72A7FF8E5}.Release|Any CPU.ActiveCfg = Release|Any CPU
		{489BB790-226C-4FAD-8D1E-51D72A7FF8E5}.Release|Any CPU.Build.0 = Release|Any CPU
		{CB591654-0476-40AA-8508-784CF32BE239}.Debug|Any CPU.ActiveCfg = Debug|Any CPU
		{CB591654-0476-40AA-8508-784CF32BE239}.Debug|Any CPU.Build.0 = Debug|Any CPU
		{CB591654-0476-40AA-8508-784CF32BE239}.Release|Any CPU.ActiveCfg = Release|Any CPU
		{CB591654-0476-40AA-8508-784CF32BE239}.Release|Any CPU.Build.0 = Release|Any CPU
		{B72FC095-9AFA-4375-AF14-402339BAF1DF}.Debug|Any CPU.ActiveCfg = Debug|Any CPU
		{B72FC095-9AFA-4375-AF14-402339BAF1DF}.Debug|Any CPU.Build.0 = Debug|Any CPU
		{B72FC095-9AFA-4375-AF14-402339BAF1DF}.Release|Any CPU.ActiveCfg = Release|Any CPU
		{B72FC095-9AFA-4375-AF14-402339BAF1DF}.Release|Any CPU.Build.0 = Release|Any CPU
		{D48622B3-F4CD-45CD-B1C9-868083037ECD}.Debug|Any CPU.ActiveCfg = Debug|Any CPU
		{D48622B3-F4CD-45CD-B1C9-868083037ECD}.Debug|Any CPU.Build.0 = Debug|Any CPU
		{D48622B3-F4CD-45CD-B1C9-868083037ECD}.Release|Any CPU.ActiveCfg = Release|Any CPU
		{D48622B3-F4CD-45CD-B1C9-868083037ECD}.Release|Any CPU.Build.0 = Release|Any CPU
		{4177D054-D113-4F8A-9E01-642E072F9C87}.Debug|Any CPU.ActiveCfg = Debug|Any CPU
		{4177D054-D113-4F8A-9E01-642E072F9C87}.Debug|Any CPU.Build.0 = Debug|Any CPU
		{4177D054-D113-4F8A-9E01-642E072F9C87}.Release|Any CPU.ActiveCfg = Release|Any CPU
		{4177D054-D113-4F8A-9E01-642E072F9C87}.Release|Any CPU.Build.0 = Release|Any CPU
		{60D6AA62-93ED-4D02-80E4-6BEB81766D3E}.Debug|Any CPU.ActiveCfg = Debug|Any CPU
		{60D6AA62-93ED-4D02-80E4-6BEB81766D3E}.Debug|Any CPU.Build.0 = Debug|Any CPU
		{60D6AA62-93ED-4D02-80E4-6BEB81766D3E}.Release|Any CPU.ActiveCfg = Release|Any CPU
		{60D6AA62-93ED-4D02-80E4-6BEB81766D3E}.Release|Any CPU.Build.0 = Release|Any CPU
		{EBBA686A-C1F0-4823-85EB-32EB306ADD7F}.Debug|Any CPU.ActiveCfg = Debug|Any CPU
		{EBBA686A-C1F0-4823-85EB-32EB306ADD7F}.Debug|Any CPU.Build.0 = Debug|Any CPU
		{EBBA686A-C1F0-4823-85EB-32EB306ADD7F}.Release|Any CPU.ActiveCfg = Release|Any CPU
		{EBBA686A-C1F0-4823-85EB-32EB306ADD7F}.Release|Any CPU.Build.0 = Release|Any CPU
		{CDB72ABE-0336-4730-A195-ABF2611DEEAA}.Debug|Any CPU.ActiveCfg = Debug|Any CPU
		{CDB72ABE-0336-4730-A195-ABF2611DEEAA}.Debug|Any CPU.Build.0 = Debug|Any CPU
		{CDB72ABE-0336-4730-A195-ABF2611DEEAA}.Release|Any CPU.ActiveCfg = Release|Any CPU
		{CDB72ABE-0336-4730-A195-ABF2611DEEAA}.Release|Any CPU.Build.0 = Release|Any CPU
		{A7202527-A5CC-4F9B-B8F2-63520892F01D}.Debug|Any CPU.ActiveCfg = Debug|Any CPU
		{A7202527-A5CC-4F9B-B8F2-63520892F01D}.Debug|Any CPU.Build.0 = Debug|Any CPU
		{A7202527-A5CC-4F9B-B8F2-63520892F01D}.Release|Any CPU.ActiveCfg = Release|Any CPU
		{A7202527-A5CC-4F9B-B8F2-63520892F01D}.Release|Any CPU.Build.0 = Release|Any CPU
		{629CDF51-682F-4B22-843A-BA76C232ACCD}.Debug|Any CPU.ActiveCfg = Debug|Any CPU
		{629CDF51-682F-4B22-843A-BA76C232ACCD}.Debug|Any CPU.Build.0 = Debug|Any CPU
		{629CDF51-682F-4B22-843A-BA76C232ACCD}.Release|Any CPU.ActiveCfg = Release|Any CPU
		{629CDF51-682F-4B22-843A-BA76C232ACCD}.Release|Any CPU.Build.0 = Release|Any CPU
		{86A55D46-B5F5-44B4-8B60-2AED1E2EDD99}.Debug|Any CPU.ActiveCfg = Debug|Any CPU
		{86A55D46-B5F5-44B4-8B60-2AED1E2EDD99}.Debug|Any CPU.Build.0 = Debug|Any CPU
		{86A55D46-B5F5-44B4-8B60-2AED1E2EDD99}.Release|Any CPU.ActiveCfg = Release|Any CPU
		{86A55D46-B5F5-44B4-8B60-2AED1E2EDD99}.Release|Any CPU.Build.0 = Release|Any CPU
	EndGlobalSection
	GlobalSection(SolutionProperties) = preSolution
		HideSolutionNode = FALSE
	EndGlobalSection
	GlobalSection(NestedProjects) = preSolution
		{EBBA686A-C1F0-4823-85EB-32EB306ADD7F} = {B762D1DA-DFCD-4597-A14D-4F20DA0EE70E}
		{CDB72ABE-0336-4730-A195-ABF2611DEEAA} = {B762D1DA-DFCD-4597-A14D-4F20DA0EE70E}
		{629CDF51-682F-4B22-843A-BA76C232ACCD} = {B762D1DA-DFCD-4597-A14D-4F20DA0EE70E}
	EndGlobalSection
	GlobalSection(ExtensibilityGlobals) = postSolution
		SolutionGuid = {AE9BE6D6-3952-4582-B65E-83E0E57FDC8A}
	EndGlobalSection
EndGlobal
