
Microsoft Visual Studio Solution File, Format Version 11.00
# Visual Studio 2010
Project("{FAE04EC0-301F-11D3-BF4B-00C04F79EFBC}") = "SqlSugar", "SqlSugar\SqlSugar.csproj", "{46A17E67-7E3E-4369-9B1F-43BA34BBDAEF}"
EndProject
Project("{FAE04EC0-301F-11D3-BF4B-00C04F79EFBC}") = "WebTest", "WebTest\WebTest.csproj", "{0D188C9D-7921-4EBC-AEB7-184639398B1C}"
EndProject
Project("{FAE04EC0-301F-11D3-BF4B-00C04F79EFBC}") = "T4Test.Entities", "T4Test.Entities\T4Test.Entities.csproj", "{CAC458A0-634F-4022-8AB0-B496D1FFF8D4}"
EndProject
Global
	GlobalSection(SolutionConfigurationPlatforms) = preSolution
		Debug|Any CPU = Debug|Any CPU
		Debug|Mixed Platforms = Debug|Mixed Platforms
		Debug|x86 = Debug|x86
		Release|Any CPU = Release|Any CPU
		Release|Mixed Platforms = Release|Mixed Platforms
		Release|x86 = Release|x86
	EndGlobalSection
	GlobalSection(ProjectConfigurationPlatforms) = postSolution
		{46A17E67-7E3E-4369-9B1F-43BA34BBDAEF}.Debug|Any CPU.ActiveCfg = Debug|Any CPU
		{46A17E67-7E3E-4369-9B1F-43BA34BBDAEF}.Debug|Any CPU.Build.0 = Debug|Any CPU
		{46A17E67-7E3E-4369-9B1F-43BA34BBDAEF}.Debug|Mixed Platforms.ActiveCfg = Debug|Any CPU
		{46A17E67-7E3E-4369-9B1F-43BA34BBDAEF}.Debug|Mixed Platforms.Build.0 = Debug|Any CPU
		{46A17E67-7E3E-4369-9B1F-43BA34BBDAEF}.Debug|x86.ActiveCfg = Debug|Any CPU
		{46A17E67-7E3E-4369-9B1F-43BA34BBDAEF}.Release|Any CPU.ActiveCfg = Release|Any CPU
		{46A17E67-7E3E-4369-9B1F-43BA34BBDAEF}.Release|Any CPU.Build.0 = Release|Any CPU
		{46A17E67-7E3E-4369-9B1F-43BA34BBDAEF}.Release|Mixed Platforms.ActiveCfg = Release|Any CPU
		{46A17E67-7E3E-4369-9B1F-43BA34BBDAEF}.Release|Mixed Platforms.Build.0 = Release|Any CPU
		{46A17E67-7E3E-4369-9B1F-43BA34BBDAEF}.Release|x86.ActiveCfg = Release|Any CPU
		{0D188C9D-7921-4EBC-AEB7-184639398B1C}.Debug|Any CPU.ActiveCfg = Debug|Any CPU
		{0D188C9D-7921-4EBC-AEB7-184639398B1C}.Debug|Any CPU.Build.0 = Debug|Any CPU
		{0D188C9D-7921-4EBC-AEB7-184639398B1C}.Debug|Mixed Platforms.ActiveCfg = Debug|Any CPU
		{0D188C9D-7921-4EBC-AEB7-184639398B1C}.Debug|Mixed Platforms.Build.0 = Debug|Any CPU
		{0D188C9D-7921-4EBC-AEB7-184639398B1C}.Debug|x86.ActiveCfg = Debug|Any CPU
		{0D188C9D-7921-4EBC-AEB7-184639398B1C}.Release|Any CPU.ActiveCfg = Release|Any CPU
		{0D188C9D-7921-4EBC-AEB7-184639398B1C}.Release|Any CPU.Build.0 = Release|Any CPU
		{0D188C9D-7921-4EBC-AEB7-184639398B1C}.Release|Mixed Platforms.ActiveCfg = Release|Any CPU
		{0D188C9D-7921-4EBC-AEB7-184639398B1C}.Release|Mixed Platforms.Build.0 = Release|Any CPU
		{0D188C9D-7921-4EBC-AEB7-184639398B1C}.Release|x86.ActiveCfg = Release|Any CPU
		{CAC458A0-634F-4022-8AB0-B496D1FFF8D4}.Debug|Any CPU.ActiveCfg = Debug|Any CPU
		{CAC458A0-634F-4022-8AB0-B496D1FFF8D4}.Debug|Any CPU.Build.0 = Debug|Any CPU
		{CAC458A0-634F-4022-8AB0-B496D1FFF8D4}.Debug|Mixed Platforms.ActiveCfg = Debug|Any CPU
		{CAC458A0-634F-4022-8AB0-B496D1FFF8D4}.Debug|Mixed Platforms.Build.0 = Debug|Any CPU
		{CAC458A0-634F-4022-8AB0-B496D1FFF8D4}.Debug|x86.ActiveCfg = Debug|Any CPU
		{CAC458A0-634F-4022-8AB0-B496D1FFF8D4}.Release|Any CPU.ActiveCfg = Release|Any CPU
		{CAC458A0-634F-4022-8AB0-B496D1FFF8D4}.Release|Any CPU.Build.0 = Release|Any CPU
		{CAC458A0-634F-4022-8AB0-B496D1FFF8D4}.Release|Mixed Platforms.ActiveCfg = Release|Any CPU
		{CAC458A0-634F-4022-8AB0-B496D1FFF8D4}.Release|Mixed Platforms.Build.0 = Release|Any CPU
		{CAC458A0-634F-4022-8AB0-B496D1FFF8D4}.Release|x86.ActiveCfg = Release|Any CPU
	EndGlobalSection
	GlobalSection(SolutionProperties) = preSolution
		HideSolutionNode = FALSE
	EndGlobalSection
EndGlobal
