
Microsoft Visual Studio Solution File, Format Version 11.00
# Visual Studio 2010
Project("{FAE04EC0-301F-11D3-BF4B-00C04F79EFBC}") = "SqlSugar", "SqlSugar\SqlSugar.csproj", "{46A17E67-7E3E-4369-9B1F-43BA34BBDAEF}"
EndProject
Project("{FAE04EC0-301F-11D3-BF4B-00C04F79EFBC}") = "OldTest", "WebTest\OldTest.csproj", "{0D188C9D-7921-4EBC-AEB7-184639398B1C}"
EndProject
Project("{FAE04EC0-301F-11D3-BF4B-00C04F79EFBC}") = "NewTest", "NewTest\NewTest.csproj", "{2F972F9F-CCCD-488C-A86E-B0BECACE0867}"
EndProject
Project("{FAE04EC0-301F-11D3-BF4B-00C04F79EFBC}") = "OrmTest", "OrmTest\OrmTest.csproj", "{E422299A-5CFB-482C-9E2F-FD7BB1ADA578}"
EndProject
Global
	GlobalSection(SolutionConfigurationPlatforms) = preSolution
		Debug|Any CPU = Debug|Any CPU
		Debug|Mixed Platforms = Debug|Mixed Platforms
		Debug|x86 = Debug|x86
		Release|Any CPU = Release|Any CPU
		Release|Mixed Platforms = Release|Mixed Platforms
		Release|x86 = Release|x86
	EndGlobalSection
	GlobalSection(ProjectConfigurationPlatforms) = postSolution
		{46A17E67-7E3E-4369-9B1F-43BA34BBDAEF}.Debug|Any CPU.ActiveCfg = Debug|Any CPU
		{46A17E67-7E3E-4369-9B1F-43BA34BBDAEF}.Debug|Any CPU.Build.0 = Debug|Any CPU
		{46A17E67-7E3E-4369-9B1F-43BA34BBDAEF}.Debug|Mixed Platforms.ActiveCfg = Debug|Any CPU
		{46A17E67-7E3E-4369-9B1F-43BA34BBDAEF}.Debug|Mixed Platforms.Build.0 = Debug|Any CPU
		{46A17E67-7E3E-4369-9B1F-43BA34BBDAEF}.Debug|x86.ActiveCfg = Debug|Any CPU
		{46A17E67-7E3E-4369-9B1F-43BA34BBDAEF}.Release|Any CPU.ActiveCfg = Release|Any CPU
		{46A17E67-7E3E-4369-9B1F-43BA34BBDAEF}.Release|Any CPU.Build.0 = Release|Any CPU
		{46A17E67-7E3E-4369-9B1F-43BA34BBDAEF}.Release|Mixed Platforms.ActiveCfg = Release|Any CPU
		{46A17E67-7E3E-4369-9B1F-43BA34BBDAEF}.Release|Mixed Platforms.Build.0 = Release|Any CPU
		{46A17E67-7E3E-4369-9B1F-43BA34BBDAEF}.Release|x86.ActiveCfg = Release|Any CPU
		{0D188C9D-7921-4EBC-AEB7-184639398B1C}.Debug|Any CPU.ActiveCfg = Debug|Any CPU
		{0D188C9D-7921-4EBC-AEB7-184639398B1C}.Debug|Any CPU.Build.0 = Debug|Any CPU
		{0D188C9D-7921-4EBC-AEB7-184639398B1C}.Debug|Mixed Platforms.ActiveCfg = Debug|Any CPU
		{0D188C9D-7921-4EBC-AEB7-184639398B1C}.Debug|Mixed Platforms.Build.0 = Debug|Any CPU
		{0D188C9D-7921-4EBC-AEB7-184639398B1C}.Debug|x86.ActiveCfg = Debug|Any CPU
		{0D188C9D-7921-4EBC-AEB7-184639398B1C}.Release|Any CPU.ActiveCfg = Release|Any CPU
		{0D188C9D-7921-4EBC-AEB7-184639398B1C}.Release|Any CPU.Build.0 = Release|Any CPU
		{0D188C9D-7921-4EBC-AEB7-184639398B1C}.Release|Mixed Platforms.ActiveCfg = Release|Any CPU
		{0D188C9D-7921-4EBC-AEB7-184639398B1C}.Release|Mixed Platforms.Build.0 = Release|Any CPU
		{0D188C9D-7921-4EBC-AEB7-184639398B1C}.Release|x86.ActiveCfg = Release|Any CPU
		{2F972F9F-CCCD-488C-A86E-B0BECACE0867}.Debug|Any CPU.ActiveCfg = Debug|x86
		{2F972F9F-CCCD-488C-A86E-B0BECACE0867}.Debug|Mixed Platforms.ActiveCfg = Debug|x86
		{2F972F9F-CCCD-488C-A86E-B0BECACE0867}.Debug|Mixed Platforms.Build.0 = Debug|x86
		{2F972F9F-CCCD-488C-A86E-B0BECACE0867}.Debug|x86.ActiveCfg = Debug|x86
		{2F972F9F-CCCD-488C-A86E-B0BECACE0867}.Debug|x86.Build.0 = Debug|x86
		{2F972F9F-CCCD-488C-A86E-B0BECACE0867}.Release|Any CPU.ActiveCfg = Release|x86
		{2F972F9F-CCCD-488C-A86E-B0BECACE0867}.Release|Mixed Platforms.ActiveCfg = Release|x86
		{2F972F9F-CCCD-488C-A86E-B0BECACE0867}.Release|Mixed Platforms.Build.0 = Release|x86
		{2F972F9F-CCCD-488C-A86E-B0BECACE0867}.Release|x86.ActiveCfg = Release|x86
		{2F972F9F-CCCD-488C-A86E-B0BECACE0867}.Release|x86.Build.0 = Release|x86
		{E422299A-5CFB-482C-9E2F-FD7BB1ADA578}.Debug|Any CPU.ActiveCfg = Debug|x86
		{E422299A-5CFB-482C-9E2F-FD7BB1ADA578}.Debug|Mixed Platforms.ActiveCfg = Debug|x86
		{E422299A-5CFB-482C-9E2F-FD7BB1ADA578}.Debug|Mixed Platforms.Build.0 = Debug|x86
		{E422299A-5CFB-482C-9E2F-FD7BB1ADA578}.Debug|x86.ActiveCfg = Debug|x86
		{E422299A-5CFB-482C-9E2F-FD7BB1ADA578}.Debug|x86.Build.0 = Debug|x86
		{E422299A-5CFB-482C-9E2F-FD7BB1ADA578}.Release|Any CPU.ActiveCfg = Release|x86
		{E422299A-5CFB-482C-9E2F-FD7BB1ADA578}.Release|Mixed Platforms.ActiveCfg = Release|x86
		{E422299A-5CFB-482C-9E2F-FD7BB1ADA578}.Release|Mixed Platforms.Build.0 = Release|x86
		{E422299A-5CFB-482C-9E2F-FD7BB1ADA578}.Release|x86.ActiveCfg = Release|x86
		{E422299A-5CFB-482C-9E2F-FD7BB1ADA578}.Release|x86.Build.0 = Release|x86
	EndGlobalSection
	GlobalSection(SolutionProperties) = preSolution
		HideSolutionNode = FALSE
	EndGlobalSection
EndGlobal
