
Microsoft Visual Studio Solution File, Format Version 12.00
# Visual Studio Version 17
VisualStudioVersion = 17.1.32414.318
MinimumVisualStudioVersion = 10.0.40219.1
Project("{9A19103F-16F7-4668-BE54-9A1E7A4F7556}") = "SqlSeverTest", "SqlSeverTest\SqlSeverTest.csproj", "{B44F2513-E55B-480F-A41C-685DDD083355}"
EndProject
Project("{9A19103F-16F7-4668-BE54-9A1E7A4F7556}") = "SqlSugar", "SqlSugar\SqlSugar.csproj", "{1E032FA3-627E-4D59-9C11-C8D8114F24FF}"
EndProject
Project("{9A19103F-16F7-4668-BE54-9A1E7A4F7556}") = "MySqlTest", "MySqlTest\MySqlTest.csproj", "{DEB62FB9-C743-4C2B-BC78-50FB0E8B44FE}"
EndProject
Project("{9A19103F-16F7-4668-BE54-9A1E7A4F7556}") = "SqliteTest", "SqliteTest\SqliteTest.csproj", "{AE73F090-22EC-49E4-AFEE-879FFFA292EC}"
EndProject
Project("{9A19103F-16F7-4668-BE54-9A1E7A4F7556}") = "OracleTest", "OracleTest\OracleTest.csproj", "{3247B9CB-C92D-4AE3-8A35-3131AB2BD406}"
EndProject
Project("{9A19103F-16F7-4668-BE54-9A1E7A4F7556}") = "NugetTest", "NugetTest\NugetTest.csproj", "{E76C6F9B-BA90-4A5A-94D9-D3D48CBB6AA3}"
EndProject
Project("{9A19103F-16F7-4668-BE54-9A1E7A4F7556}") = "PgSqlTest", "PgSqlTest\PgSqlTest.csproj", "{B9005A73-5307-48FB-90EA-CC18FE6926E2}"
EndProject
Project("{9A19103F-16F7-4668-BE54-9A1E7A4F7556}") = "DmOrmTest", "DmOrmTest\DmOrmTest.csproj", "{FBA1A5CC-1C9D-476F-B19D-FD5E2201C30A}"
EndProject
Project("{9A19103F-16F7-4668-BE54-9A1E7A4F7556}") = "KdbndpTest", "KdbndpTest\KdbndpTest.csproj", "{21744B61-74AB-4706-9A52-C9D0C4AAD19E}"
EndProject
Project("{9A19103F-16F7-4668-BE54-9A1E7A4F7556}") = "CacheTest", "CacheTest\CacheTest.csproj", "{2EC6C9BD-6B8F-4EC3-B4ED-EAEFD8BB735C}"
EndProject
Project("{9A19103F-16F7-4668-BE54-9A1E7A4F7556}") = "OscarTest", "OscarTest\OscarTest.csproj", "{29925F8E-6495-463A-ABBD-C050AE85E130}"
EndProject
Project("{9A19103F-16F7-4668-BE54-9A1E7A4F7556}") = "DbFirstRazorTest", "DbFirstRazorTest\DbFirstRazorTest.csproj", "{EE197EB0-C494-4478-A5CD-545E7139202E}"
EndProject
Project("{2150E333-8FDC-42A3-9474-1A3956D46DE8}") = "SqlSugar.CustomDatabase", "SqlSugar.CustomDatabase", "{88992AAF-146B-4253-9AD7-493E8F415B57}"
EndProject
Project("{9A19103F-16F7-4668-BE54-9A1E7A4F7556}") = "SqlSugar.AccessCore", "SqlSugar.AccessCore\SqlSugar.AccessCore.csproj", "{DD0C850D-86E5-4FFF-BFF3-8797EB448B47}"
EndProject
Project("{9A19103F-16F7-4668-BE54-9A1E7A4F7556}") = "AccessTest", "AccessTest\AccessTest.csproj", "{DC928353-9E17-418C-99F3-C831A0F44FB2}"
EndProject
Project("{9A19103F-16F7-4668-BE54-9A1E7A4F7556}") = "CustomDbTest", "CustomDbTest\CustomDbTest.csproj", "{7CAAE872-4A27-4373-B44C-504C5E6DDB85}"
EndProject
Project("{9A19103F-16F7-4668-BE54-9A1E7A4F7556}") = "Json2Sql", "Json2Sql\Json2Sql.csproj", "{0B4998EE-28FB-4B7E-8976-B3261299B425}"
EndProject
Project("{9A19103F-16F7-4668-BE54-9A1E7A4F7556}") = "QuestDbTest", "QuestDbTest\QuestDbTest.csproj", "{EBF02572-80A5-4D3A-B0E3-4308F9CF23CF}"
EndProject
Project("{9A19103F-16F7-4668-BE54-9A1E7A4F7556}") = "SqlSugar.ClickHouseCore", "SqlSugar.ClickHouseCore\SqlSugar.ClickHouseCore.csproj", "{8C38F3D1-6D72-483C-9DBD-3111D6F5898D}"
EndProject
Project("{9A19103F-16F7-4668-BE54-9A1E7A4F7556}") = "ClickHouseTest", "ClickHouseTest\ClickHouseTest.csproj", "{A5249DEC-D1E8-4D95-8C96-534EF98A3E1B}"
EndProject
Project("{9A19103F-16F7-4668-BE54-9A1E7A4F7556}") = "GbaseTest", "GbaseTest\GbaseTest.csproj", "{1D047616-7B42-403F-A54A-C677074CDACF}"
EndProject
Project("{9A19103F-16F7-4668-BE54-9A1E7A4F7556}") = "SqlSugar.GBaseCore", "SqlSugar.GBaseCore\SqlSugar.GBaseCore.csproj", "{73861B80-AC53-441D-A178-C8F3C1FF0FB3}"
EndProject
Project("{2150E333-8FDC-42A3-9474-1A3956D46DE8}") = "Solution Items", "Solution Items", "{D6090616-041D-4E87-99E2-737DA91CA47C}"
	ProjectSection(SolutionItems) = preProject
		.editorconfig = .editorconfig
	EndProjectSection
EndProject
Project("{9A19103F-16F7-4668-BE54-9A1E7A4F7556}") = "OdbcTest", "OdbcTest\OdbcTest.csproj", "{27CDB82D-51EF-447B-87F1-EEF08C629F9E}"
EndProject
Project("{9A19103F-16F7-4668-BE54-9A1E7A4F7556}") = "SqlSugar.OdbcCore", "SqlSugar.OdbcCore\SqlSugar.OdbcCore.csproj", "{0320D162-4E7F-4AA1-844B-2FDF77EEC145}"
EndProject
Project("{9A19103F-16F7-4668-BE54-9A1E7A4F7556}") = "SqlSugar.HGCore", "SqlSugar.HG\SqlSugar.HGCore.csproj", "{517D3B1E-EECB-43C3-83B9-33613F45908A}"
EndProject
Project("{9A19103F-16F7-4668-BE54-9A1E7A4F7556}") = "HGTest", "HGTest\HGTest.csproj", "{59CF4F65-0337-4877-A35F-D1B7585A7DB3}"
EndProject
Project("{9A19103F-16F7-4668-BE54-9A1E7A4F7556}") = "SqlSugar.OceanBaseForOracleCore", "SqlSugar.OceanBaseForOracle\SqlSugar.OceanBaseForOracleCore.csproj", "{7CEB3DFE-8337-4B83-AE6A-D159D73E3CD3}"
EndProject
Project("{9A19103F-16F7-4668-BE54-9A1E7A4F7556}") = "OceanBaseForOracleTest", "OceanBaseForOracleTest\OceanBaseForOracleTest.csproj", "{5E119B71-D17F-42BA-8437-A9F5B941CFD7}"
EndProject
Project("{9A19103F-16F7-4668-BE54-9A1E7A4F7556}") = "SqlSugar.TDengineCore", "SqlSugar.TDengineCore\SqlSugar.TDengineCore.csproj", "{A8FDDB0E-835A-4042-A955-66A2DB98207D}"
EndProject
Project("{9A19103F-16F7-4668-BE54-9A1E7A4F7556}") = "1TDengineTest", "TDengineTest\1TDengineTest.csproj", "{AFBF6813-DA87-4621-9659-5D123234CDDF}"
EndProject
Project("{FAE04EC0-301F-11D3-BF4B-00C04F79EFBC}") = "2VastbaseTest", "VastbaseTest\2VastbaseTest.csproj", "{FA0F2233-7BD5-49A0-8333-BA471509F2D7}"
EndProject
Global
	GlobalSection(SolutionConfigurationPlatforms) = preSolution
		Debug|Any CPU = Debug|Any CPU
		Debug|ARM32 = Debug|ARM32
		Debug|x86 = Debug|x86
		Release|Any CPU = Release|Any CPU
		Release|ARM32 = Release|ARM32
		Release|x86 = Release|x86
	EndGlobalSection
	GlobalSection(ProjectConfigurationPlatforms) = postSolution
		{B44F2513-E55B-480F-A41C-685DDD083355}.Debug|Any CPU.ActiveCfg = Debug|Any CPU
		{B44F2513-E55B-480F-A41C-685DDD083355}.Debug|Any CPU.Build.0 = Debug|Any CPU
		{B44F2513-E55B-480F-A41C-685DDD083355}.Debug|ARM32.ActiveCfg = Debug|Any CPU
		{B44F2513-E55B-480F-A41C-685DDD083355}.Debug|ARM32.Build.0 = Debug|Any CPU
		{B44F2513-E55B-480F-A41C-685DDD083355}.Debug|x86.ActiveCfg = Debug|Any CPU
		{B44F2513-E55B-480F-A41C-685DDD083355}.Debug|x86.Build.0 = Debug|Any CPU
		{B44F2513-E55B-480F-A41C-685DDD083355}.Release|Any CPU.ActiveCfg = Release|Any CPU
		{B44F2513-E55B-480F-A41C-685DDD083355}.Release|Any CPU.Build.0 = Release|Any CPU
		{B44F2513-E55B-480F-A41C-685DDD083355}.Release|ARM32.ActiveCfg = Release|Any CPU
		{B44F2513-E55B-480F-A41C-685DDD083355}.Release|ARM32.Build.0 = Release|Any CPU
		{B44F2513-E55B-480F-A41C-685DDD083355}.Release|x86.ActiveCfg = Release|Any CPU
		{B44F2513-E55B-480F-A41C-685DDD083355}.Release|x86.Build.0 = Release|Any CPU
		{1E032FA3-627E-4D59-9C11-C8D8114F24FF}.Debug|Any CPU.ActiveCfg = Debug|Any CPU
		{1E032FA3-627E-4D59-9C11-C8D8114F24FF}.Debug|Any CPU.Build.0 = Debug|Any CPU
		{1E032FA3-627E-4D59-9C11-C8D8114F24FF}.Debug|ARM32.ActiveCfg = Debug|Any CPU
		{1E032FA3-627E-4D59-9C11-C8D8114F24FF}.Debug|ARM32.Build.0 = Debug|Any CPU
		{1E032FA3-627E-4D59-9C11-C8D8114F24FF}.Debug|x86.ActiveCfg = Debug|Any CPU
		{1E032FA3-627E-4D59-9C11-C8D8114F24FF}.Debug|x86.Build.0 = Debug|Any CPU
		{1E032FA3-627E-4D59-9C11-C8D8114F24FF}.Release|Any CPU.ActiveCfg = Release|Any CPU
		{1E032FA3-627E-4D59-9C11-C8D8114F24FF}.Release|Any CPU.Build.0 = Release|Any CPU
		{1E032FA3-627E-4D59-9C11-C8D8114F24FF}.Release|ARM32.ActiveCfg = Release|Any CPU
		{1E032FA3-627E-4D59-9C11-C8D8114F24FF}.Release|ARM32.Build.0 = Release|Any CPU
		{1E032FA3-627E-4D59-9C11-C8D8114F24FF}.Release|x86.ActiveCfg = Release|Any CPU
		{1E032FA3-627E-4D59-9C11-C8D8114F24FF}.Release|x86.Build.0 = Release|Any CPU
		{DEB62FB9-C743-4C2B-BC78-50FB0E8B44FE}.Debug|Any CPU.ActiveCfg = Debug|Any CPU
		{DEB62FB9-C743-4C2B-BC78-50FB0E8B44FE}.Debug|Any CPU.Build.0 = Debug|Any CPU
		{DEB62FB9-C743-4C2B-BC78-50FB0E8B44FE}.Debug|ARM32.ActiveCfg = Debug|Any CPU
		{DEB62FB9-C743-4C2B-BC78-50FB0E8B44FE}.Debug|ARM32.Build.0 = Debug|Any CPU
		{DEB62FB9-C743-4C2B-BC78-50FB0E8B44FE}.Debug|x86.ActiveCfg = Debug|Any CPU
		{DEB62FB9-C743-4C2B-BC78-50FB0E8B44FE}.Debug|x86.Build.0 = Debug|Any CPU
		{DEB62FB9-C743-4C2B-BC78-50FB0E8B44FE}.Release|Any CPU.ActiveCfg = Release|Any CPU
		{DEB62FB9-C743-4C2B-BC78-50FB0E8B44FE}.Release|Any CPU.Build.0 = Release|Any CPU
		{DEB62FB9-C743-4C2B-BC78-50FB0E8B44FE}.Release|ARM32.ActiveCfg = Release|Any CPU
		{DEB62FB9-C743-4C2B-BC78-50FB0E8B44FE}.Release|ARM32.Build.0 = Release|Any CPU
		{DEB62FB9-C743-4C2B-BC78-50FB0E8B44FE}.Release|x86.ActiveCfg = Release|Any CPU
		{DEB62FB9-C743-4C2B-BC78-50FB0E8B44FE}.Release|x86.Build.0 = Release|Any CPU
		{AE73F090-22EC-49E4-AFEE-879FFFA292EC}.Debug|Any CPU.ActiveCfg = Debug|Any CPU
		{AE73F090-22EC-49E4-AFEE-879FFFA292EC}.Debug|Any CPU.Build.0 = Debug|Any CPU
		{AE73F090-22EC-49E4-AFEE-879FFFA292EC}.Debug|ARM32.ActiveCfg = Debug|Any CPU
		{AE73F090-22EC-49E4-AFEE-879FFFA292EC}.Debug|ARM32.Build.0 = Debug|Any CPU
		{AE73F090-22EC-49E4-AFEE-879FFFA292EC}.Debug|x86.ActiveCfg = Debug|Any CPU
		{AE73F090-22EC-49E4-AFEE-879FFFA292EC}.Debug|x86.Build.0 = Debug|Any CPU
		{AE73F090-22EC-49E4-AFEE-879FFFA292EC}.Release|Any CPU.ActiveCfg = Release|Any CPU
		{AE73F090-22EC-49E4-AFEE-879FFFA292EC}.Release|Any CPU.Build.0 = Release|Any CPU
		{AE73F090-22EC-49E4-AFEE-879FFFA292EC}.Release|ARM32.ActiveCfg = Release|Any CPU
		{AE73F090-22EC-49E4-AFEE-879FFFA292EC}.Release|ARM32.Build.0 = Release|Any CPU
		{AE73F090-22EC-49E4-AFEE-879FFFA292EC}.Release|x86.ActiveCfg = Release|Any CPU
		{AE73F090-22EC-49E4-AFEE-879FFFA292EC}.Release|x86.Build.0 = Release|Any CPU
		{3247B9CB-C92D-4AE3-8A35-3131AB2BD406}.Debug|Any CPU.ActiveCfg = Debug|Any CPU
		{3247B9CB-C92D-4AE3-8A35-3131AB2BD406}.Debug|Any CPU.Build.0 = Debug|Any CPU
		{3247B9CB-C92D-4AE3-8A35-3131AB2BD406}.Debug|ARM32.ActiveCfg = Debug|Any CPU
		{3247B9CB-C92D-4AE3-8A35-3131AB2BD406}.Debug|ARM32.Build.0 = Debug|Any CPU
		{3247B9CB-C92D-4AE3-8A35-3131AB2BD406}.Debug|x86.ActiveCfg = Debug|Any CPU
		{3247B9CB-C92D-4AE3-8A35-3131AB2BD406}.Debug|x86.Build.0 = Debug|Any CPU
		{3247B9CB-C92D-4AE3-8A35-3131AB2BD406}.Release|Any CPU.ActiveCfg = Release|Any CPU
		{3247B9CB-C92D-4AE3-8A35-3131AB2BD406}.Release|Any CPU.Build.0 = Release|Any CPU
		{3247B9CB-C92D-4AE3-8A35-3131AB2BD406}.Release|ARM32.ActiveCfg = Release|Any CPU
		{3247B9CB-C92D-4AE3-8A35-3131AB2BD406}.Release|ARM32.Build.0 = Release|Any CPU
		{3247B9CB-C92D-4AE3-8A35-3131AB2BD406}.Release|x86.ActiveCfg = Release|Any CPU
		{3247B9CB-C92D-4AE3-8A35-3131AB2BD406}.Release|x86.Build.0 = Release|Any CPU
		{E76C6F9B-BA90-4A5A-94D9-D3D48CBB6AA3}.Debug|Any CPU.ActiveCfg = Debug|Any CPU
		{E76C6F9B-BA90-4A5A-94D9-D3D48CBB6AA3}.Debug|Any CPU.Build.0 = Debug|Any CPU
		{E76C6F9B-BA90-4A5A-94D9-D3D48CBB6AA3}.Debug|ARM32.ActiveCfg = Debug|Any CPU
		{E76C6F9B-BA90-4A5A-94D9-D3D48CBB6AA3}.Debug|ARM32.Build.0 = Debug|Any CPU
		{E76C6F9B-BA90-4A5A-94D9-D3D48CBB6AA3}.Debug|x86.ActiveCfg = Debug|Any CPU
		{E76C6F9B-BA90-4A5A-94D9-D3D48CBB6AA3}.Debug|x86.Build.0 = Debug|Any CPU
		{E76C6F9B-BA90-4A5A-94D9-D3D48CBB6AA3}.Release|Any CPU.ActiveCfg = Release|Any CPU
		{E76C6F9B-BA90-4A5A-94D9-D3D48CBB6AA3}.Release|Any CPU.Build.0 = Release|Any CPU
		{E76C6F9B-BA90-4A5A-94D9-D3D48CBB6AA3}.Release|ARM32.ActiveCfg = Release|Any CPU
		{E76C6F9B-BA90-4A5A-94D9-D3D48CBB6AA3}.Release|ARM32.Build.0 = Release|Any CPU
		{E76C6F9B-BA90-4A5A-94D9-D3D48CBB6AA3}.Release|x86.ActiveCfg = Release|Any CPU
		{E76C6F9B-BA90-4A5A-94D9-D3D48CBB6AA3}.Release|x86.Build.0 = Release|Any CPU
		{B9005A73-5307-48FB-90EA-CC18FE6926E2}.Debug|Any CPU.ActiveCfg = Debug|Any CPU
		{B9005A73-5307-48FB-90EA-CC18FE6926E2}.Debug|Any CPU.Build.0 = Debug|Any CPU
		{B9005A73-5307-48FB-90EA-CC18FE6926E2}.Debug|ARM32.ActiveCfg = Debug|Any CPU
		{B9005A73-5307-48FB-90EA-CC18FE6926E2}.Debug|ARM32.Build.0 = Debug|Any CPU
		{B9005A73-5307-48FB-90EA-CC18FE6926E2}.Debug|x86.ActiveCfg = Debug|Any CPU
		{B9005A73-5307-48FB-90EA-CC18FE6926E2}.Debug|x86.Build.0 = Debug|Any CPU
		{B9005A73-5307-48FB-90EA-CC18FE6926E2}.Release|Any CPU.ActiveCfg = Release|Any CPU
		{B9005A73-5307-48FB-90EA-CC18FE6926E2}.Release|Any CPU.Build.0 = Release|Any CPU
		{B9005A73-5307-48FB-90EA-CC18FE6926E2}.Release|ARM32.ActiveCfg = Release|Any CPU
		{B9005A73-5307-48FB-90EA-CC18FE6926E2}.Release|ARM32.Build.0 = Release|Any CPU
		{B9005A73-5307-48FB-90EA-CC18FE6926E2}.Release|x86.ActiveCfg = Release|Any CPU
		{B9005A73-5307-48FB-90EA-CC18FE6926E2}.Release|x86.Build.0 = Release|Any CPU
		{FBA1A5CC-1C9D-476F-B19D-FD5E2201C30A}.Debug|Any CPU.ActiveCfg = Debug|Any CPU
		{FBA1A5CC-1C9D-476F-B19D-FD5E2201C30A}.Debug|Any CPU.Build.0 = Debug|Any CPU
		{FBA1A5CC-1C9D-476F-B19D-FD5E2201C30A}.Debug|ARM32.ActiveCfg = Debug|Any CPU
		{FBA1A5CC-1C9D-476F-B19D-FD5E2201C30A}.Debug|ARM32.Build.0 = Debug|Any CPU
		{FBA1A5CC-1C9D-476F-B19D-FD5E2201C30A}.Debug|x86.ActiveCfg = Debug|Any CPU
		{FBA1A5CC-1C9D-476F-B19D-FD5E2201C30A}.Debug|x86.Build.0 = Debug|Any CPU
		{FBA1A5CC-1C9D-476F-B19D-FD5E2201C30A}.Release|Any CPU.ActiveCfg = Release|Any CPU
		{FBA1A5CC-1C9D-476F-B19D-FD5E2201C30A}.Release|Any CPU.Build.0 = Release|Any CPU
		{FBA1A5CC-1C9D-476F-B19D-FD5E2201C30A}.Release|ARM32.ActiveCfg = Release|Any CPU
		{FBA1A5CC-1C9D-476F-B19D-FD5E2201C30A}.Release|ARM32.Build.0 = Release|Any CPU
		{FBA1A5CC-1C9D-476F-B19D-FD5E2201C30A}.Release|x86.ActiveCfg = Release|Any CPU
		{FBA1A5CC-1C9D-476F-B19D-FD5E2201C30A}.Release|x86.Build.0 = Release|Any CPU
		{21744B61-74AB-4706-9A52-C9D0C4AAD19E}.Debug|Any CPU.ActiveCfg = Debug|Any CPU
		{21744B61-74AB-4706-9A52-C9D0C4AAD19E}.Debug|Any CPU.Build.0 = Debug|Any CPU
		{21744B61-74AB-4706-9A52-C9D0C4AAD19E}.Debug|ARM32.ActiveCfg = Debug|Any CPU
		{21744B61-74AB-4706-9A52-C9D0C4AAD19E}.Debug|ARM32.Build.0 = Debug|Any CPU
		{21744B61-74AB-4706-9A52-C9D0C4AAD19E}.Debug|x86.ActiveCfg = Debug|Any CPU
		{21744B61-74AB-4706-9A52-C9D0C4AAD19E}.Debug|x86.Build.0 = Debug|Any CPU
		{21744B61-74AB-4706-9A52-C9D0C4AAD19E}.Release|Any CPU.ActiveCfg = Release|Any CPU
		{21744B61-74AB-4706-9A52-C9D0C4AAD19E}.Release|Any CPU.Build.0 = Release|Any CPU
		{21744B61-74AB-4706-9A52-C9D0C4AAD19E}.Release|ARM32.ActiveCfg = Release|Any CPU
		{21744B61-74AB-4706-9A52-C9D0C4AAD19E}.Release|ARM32.Build.0 = Release|Any CPU
		{21744B61-74AB-4706-9A52-C9D0C4AAD19E}.Release|x86.ActiveCfg = Release|Any CPU
		{21744B61-74AB-4706-9A52-C9D0C4AAD19E}.Release|x86.Build.0 = Release|Any CPU
		{2EC6C9BD-6B8F-4EC3-B4ED-EAEFD8BB735C}.Debug|Any CPU.ActiveCfg = Debug|Any CPU
		{2EC6C9BD-6B8F-4EC3-B4ED-EAEFD8BB735C}.Debug|Any CPU.Build.0 = Debug|Any CPU
		{2EC6C9BD-6B8F-4EC3-B4ED-EAEFD8BB735C}.Debug|ARM32.ActiveCfg = Debug|Any CPU
		{2EC6C9BD-6B8F-4EC3-B4ED-EAEFD8BB735C}.Debug|ARM32.Build.0 = Debug|Any CPU
		{2EC6C9BD-6B8F-4EC3-B4ED-EAEFD8BB735C}.Debug|x86.ActiveCfg = Debug|Any CPU
		{2EC6C9BD-6B8F-4EC3-B4ED-EAEFD8BB735C}.Debug|x86.Build.0 = Debug|Any CPU
		{2EC6C9BD-6B8F-4EC3-B4ED-EAEFD8BB735C}.Release|Any CPU.ActiveCfg = Release|Any CPU
		{2EC6C9BD-6B8F-4EC3-B4ED-EAEFD8BB735C}.Release|Any CPU.Build.0 = Release|Any CPU
		{2EC6C9BD-6B8F-4EC3-B4ED-EAEFD8BB735C}.Release|ARM32.ActiveCfg = Release|Any CPU
		{2EC6C9BD-6B8F-4EC3-B4ED-EAEFD8BB735C}.Release|ARM32.Build.0 = Release|Any CPU
		{2EC6C9BD-6B8F-4EC3-B4ED-EAEFD8BB735C}.Release|x86.ActiveCfg = Release|Any CPU
		{2EC6C9BD-6B8F-4EC3-B4ED-EAEFD8BB735C}.Release|x86.Build.0 = Release|Any CPU
		{29925F8E-6495-463A-ABBD-C050AE85E130}.Debug|Any CPU.ActiveCfg = Debug|Any CPU
		{29925F8E-6495-463A-ABBD-C050AE85E130}.Debug|Any CPU.Build.0 = Debug|Any CPU
		{29925F8E-6495-463A-ABBD-C050AE85E130}.Debug|ARM32.ActiveCfg = Debug|Any CPU
		{29925F8E-6495-463A-ABBD-C050AE85E130}.Debug|ARM32.Build.0 = Debug|Any CPU
		{29925F8E-6495-463A-ABBD-C050AE85E130}.Debug|x86.ActiveCfg = Debug|Any CPU
		{29925F8E-6495-463A-ABBD-C050AE85E130}.Debug|x86.Build.0 = Debug|Any CPU
		{29925F8E-6495-463A-ABBD-C050AE85E130}.Release|Any CPU.ActiveCfg = Release|Any CPU
		{29925F8E-6495-463A-ABBD-C050AE85E130}.Release|Any CPU.Build.0 = Release|Any CPU
		{29925F8E-6495-463A-ABBD-C050AE85E130}.Release|ARM32.ActiveCfg = Release|Any CPU
		{29925F8E-6495-463A-ABBD-C050AE85E130}.Release|ARM32.Build.0 = Release|Any CPU
		{29925F8E-6495-463A-ABBD-C050AE85E130}.Release|x86.ActiveCfg = Release|Any CPU
		{29925F8E-6495-463A-ABBD-C050AE85E130}.Release|x86.Build.0 = Release|Any CPU
		{EE197EB0-C494-4478-A5CD-545E7139202E}.Debug|Any CPU.ActiveCfg = Debug|Any CPU
		{EE197EB0-C494-4478-A5CD-545E7139202E}.Debug|Any CPU.Build.0 = Debug|Any CPU
		{EE197EB0-C494-4478-A5CD-545E7139202E}.Debug|ARM32.ActiveCfg = Debug|Any CPU
		{EE197EB0-C494-4478-A5CD-545E7139202E}.Debug|ARM32.Build.0 = Debug|Any CPU
		{EE197EB0-C494-4478-A5CD-545E7139202E}.Debug|x86.ActiveCfg = Debug|Any CPU
		{EE197EB0-C494-4478-A5CD-545E7139202E}.Debug|x86.Build.0 = Debug|Any CPU
		{EE197EB0-C494-4478-A5CD-545E7139202E}.Release|Any CPU.ActiveCfg = Release|Any CPU
		{EE197EB0-C494-4478-A5CD-545E7139202E}.Release|Any CPU.Build.0 = Release|Any CPU
		{EE197EB0-C494-4478-A5CD-545E7139202E}.Release|ARM32.ActiveCfg = Release|Any CPU
		{EE197EB0-C494-4478-A5CD-545E7139202E}.Release|ARM32.Build.0 = Release|Any CPU
		{EE197EB0-C494-4478-A5CD-545E7139202E}.Release|x86.ActiveCfg = Release|Any CPU
		{EE197EB0-C494-4478-A5CD-545E7139202E}.Release|x86.Build.0 = Release|Any CPU
		{DD0C850D-86E5-4FFF-BFF3-8797EB448B47}.Debug|Any CPU.ActiveCfg = Debug|Any CPU
		{DD0C850D-86E5-4FFF-BFF3-8797EB448B47}.Debug|Any CPU.Build.0 = Debug|Any CPU
		{DD0C850D-86E5-4FFF-BFF3-8797EB448B47}.Debug|ARM32.ActiveCfg = Debug|Any CPU
		{DD0C850D-86E5-4FFF-BFF3-8797EB448B47}.Debug|ARM32.Build.0 = Debug|Any CPU
		{DD0C850D-86E5-4FFF-BFF3-8797EB448B47}.Debug|x86.ActiveCfg = Debug|Any CPU
		{DD0C850D-86E5-4FFF-BFF3-8797EB448B47}.Debug|x86.Build.0 = Debug|Any CPU
		{DD0C850D-86E5-4FFF-BFF3-8797EB448B47}.Release|Any CPU.ActiveCfg = Release|Any CPU
		{DD0C850D-86E5-4FFF-BFF3-8797EB448B47}.Release|Any CPU.Build.0 = Release|Any CPU
		{DD0C850D-86E5-4FFF-BFF3-8797EB448B47}.Release|ARM32.ActiveCfg = Release|Any CPU
		{DD0C850D-86E5-4FFF-BFF3-8797EB448B47}.Release|ARM32.Build.0 = Release|Any CPU
		{DD0C850D-86E5-4FFF-BFF3-8797EB448B47}.Release|x86.ActiveCfg = Release|Any CPU
		{DD0C850D-86E5-4FFF-BFF3-8797EB448B47}.Release|x86.Build.0 = Release|Any CPU
		{DC928353-9E17-418C-99F3-C831A0F44FB2}.Debug|Any CPU.ActiveCfg = Debug|Any CPU
		{DC928353-9E17-418C-99F3-C831A0F44FB2}.Debug|Any CPU.Build.0 = Debug|Any CPU
		{DC928353-9E17-418C-99F3-C831A0F44FB2}.Debug|ARM32.ActiveCfg = Debug|Any CPU
		{DC928353-9E17-418C-99F3-C831A0F44FB2}.Debug|ARM32.Build.0 = Debug|Any CPU
		{DC928353-9E17-418C-99F3-C831A0F44FB2}.Debug|x86.ActiveCfg = Debug|x86
		{DC928353-9E17-418C-99F3-C831A0F44FB2}.Debug|x86.Build.0 = Debug|x86
		{DC928353-9E17-418C-99F3-C831A0F44FB2}.Release|Any CPU.ActiveCfg = Release|Any CPU
		{DC928353-9E17-418C-99F3-C831A0F44FB2}.Release|Any CPU.Build.0 = Release|Any CPU
		{DC928353-9E17-418C-99F3-C831A0F44FB2}.Release|ARM32.ActiveCfg = Release|Any CPU
		{DC928353-9E17-418C-99F3-C831A0F44FB2}.Release|ARM32.Build.0 = Release|Any CPU
		{DC928353-9E17-418C-99F3-C831A0F44FB2}.Release|x86.ActiveCfg = Release|x86
		{DC928353-9E17-418C-99F3-C831A0F44FB2}.Release|x86.Build.0 = Release|x86
		{7CAAE872-4A27-4373-B44C-504C5E6DDB85}.Debug|Any CPU.ActiveCfg = Debug|Any CPU
		{7CAAE872-4A27-4373-B44C-504C5E6DDB85}.Debug|Any CPU.Build.0 = Debug|Any CPU
		{7CAAE872-4A27-4373-B44C-504C5E6DDB85}.Debug|ARM32.ActiveCfg = Debug|ARM32
		{7CAAE872-4A27-4373-B44C-504C5E6DDB85}.Debug|ARM32.Build.0 = Debug|ARM32
		{7CAAE872-4A27-4373-B44C-504C5E6DDB85}.Debug|x86.ActiveCfg = Debug|Any CPU
		{7CAAE872-4A27-4373-B44C-504C5E6DDB85}.Debug|x86.Build.0 = Debug|Any CPU
		{7CAAE872-4A27-4373-B44C-504C5E6DDB85}.Release|Any CPU.ActiveCfg = Release|Any CPU
		{7CAAE872-4A27-4373-B44C-504C5E6DDB85}.Release|Any CPU.Build.0 = Release|Any CPU
		{7CAAE872-4A27-4373-B44C-504C5E6DDB85}.Release|ARM32.ActiveCfg = Release|ARM32
		{7CAAE872-4A27-4373-B44C-504C5E6DDB85}.Release|ARM32.Build.0 = Release|ARM32
		{7CAAE872-4A27-4373-B44C-504C5E6DDB85}.Release|x86.ActiveCfg = Release|Any CPU
		{7CAAE872-4A27-4373-B44C-504C5E6DDB85}.Release|x86.Build.0 = Release|Any CPU
		{0B4998EE-28FB-4B7E-8976-B3261299B425}.Debug|Any CPU.ActiveCfg = Debug|Any CPU
		{0B4998EE-28FB-4B7E-8976-B3261299B425}.Debug|Any CPU.Build.0 = Debug|Any CPU
		{0B4998EE-28FB-4B7E-8976-B3261299B425}.Debug|ARM32.ActiveCfg = Debug|Any CPU
		{0B4998EE-28FB-4B7E-8976-B3261299B425}.Debug|ARM32.Build.0 = Debug|Any CPU
		{0B4998EE-28FB-4B7E-8976-B3261299B425}.Debug|x86.ActiveCfg = Debug|Any CPU
		{0B4998EE-28FB-4B7E-8976-B3261299B425}.Debug|x86.Build.0 = Debug|Any CPU
		{0B4998EE-28FB-4B7E-8976-B3261299B425}.Release|Any CPU.ActiveCfg = Release|Any CPU
		{0B4998EE-28FB-4B7E-8976-B3261299B425}.Release|Any CPU.Build.0 = Release|Any CPU
		{0B4998EE-28FB-4B7E-8976-B3261299B425}.Release|ARM32.ActiveCfg = Release|Any CPU
		{0B4998EE-28FB-4B7E-8976-B3261299B425}.Release|ARM32.Build.0 = Release|Any CPU
		{0B4998EE-28FB-4B7E-8976-B3261299B425}.Release|x86.ActiveCfg = Release|Any CPU
		{0B4998EE-28FB-4B7E-8976-B3261299B425}.Release|x86.Build.0 = Release|Any CPU
		{EBF02572-80A5-4D3A-B0E3-4308F9CF23CF}.Debug|Any CPU.ActiveCfg = Debug|Any CPU
		{EBF02572-80A5-4D3A-B0E3-4308F9CF23CF}.Debug|Any CPU.Build.0 = Debug|Any CPU
		{EBF02572-80A5-4D3A-B0E3-4308F9CF23CF}.Debug|ARM32.ActiveCfg = Debug|Any CPU
		{EBF02572-80A5-4D3A-B0E3-4308F9CF23CF}.Debug|ARM32.Build.0 = Debug|Any CPU
		{EBF02572-80A5-4D3A-B0E3-4308F9CF23CF}.Debug|x86.ActiveCfg = Debug|Any CPU
		{EBF02572-80A5-4D3A-B0E3-4308F9CF23CF}.Debug|x86.Build.0 = Debug|Any CPU
		{EBF02572-80A5-4D3A-B0E3-4308F9CF23CF}.Release|Any CPU.ActiveCfg = Release|Any CPU
		{EBF02572-80A5-4D3A-B0E3-4308F9CF23CF}.Release|Any CPU.Build.0 = Release|Any CPU
		{EBF02572-80A5-4D3A-B0E3-4308F9CF23CF}.Release|ARM32.ActiveCfg = Release|Any CPU
		{EBF02572-80A5-4D3A-B0E3-4308F9CF23CF}.Release|ARM32.Build.0 = Release|Any CPU
		{EBF02572-80A5-4D3A-B0E3-4308F9CF23CF}.Release|x86.ActiveCfg = Release|Any CPU
		{EBF02572-80A5-4D3A-B0E3-4308F9CF23CF}.Release|x86.Build.0 = Release|Any CPU
		{8C38F3D1-6D72-483C-9DBD-3111D6F5898D}.Debug|Any CPU.ActiveCfg = Debug|Any CPU
		{8C38F3D1-6D72-483C-9DBD-3111D6F5898D}.Debug|Any CPU.Build.0 = Debug|Any CPU
		{8C38F3D1-6D72-483C-9DBD-3111D6F5898D}.Debug|ARM32.ActiveCfg = Debug|Any CPU
		{8C38F3D1-6D72-483C-9DBD-3111D6F5898D}.Debug|ARM32.Build.0 = Debug|Any CPU
		{8C38F3D1-6D72-483C-9DBD-3111D6F5898D}.Debug|x86.ActiveCfg = Debug|Any CPU
		{8C38F3D1-6D72-483C-9DBD-3111D6F5898D}.Debug|x86.Build.0 = Debug|Any CPU
		{8C38F3D1-6D72-483C-9DBD-3111D6F5898D}.Release|Any CPU.ActiveCfg = Release|Any CPU
		{8C38F3D1-6D72-483C-9DBD-3111D6F5898D}.Release|Any CPU.Build.0 = Release|Any CPU
		{8C38F3D1-6D72-483C-9DBD-3111D6F5898D}.Release|ARM32.ActiveCfg = Release|Any CPU
		{8C38F3D1-6D72-483C-9DBD-3111D6F5898D}.Release|ARM32.Build.0 = Release|Any CPU
		{8C38F3D1-6D72-483C-9DBD-3111D6F5898D}.Release|x86.ActiveCfg = Release|Any CPU
		{8C38F3D1-6D72-483C-9DBD-3111D6F5898D}.Release|x86.Build.0 = Release|Any CPU
		{A5249DEC-D1E8-4D95-8C96-534EF98A3E1B}.Debug|Any CPU.ActiveCfg = Debug|Any CPU
		{A5249DEC-D1E8-4D95-8C96-534EF98A3E1B}.Debug|Any CPU.Build.0 = Debug|Any CPU
		{A5249DEC-D1E8-4D95-8C96-534EF98A3E1B}.Debug|ARM32.ActiveCfg = Debug|Any CPU
		{A5249DEC-D1E8-4D95-8C96-534EF98A3E1B}.Debug|ARM32.Build.0 = Debug|Any CPU
		{A5249DEC-D1E8-4D95-8C96-534EF98A3E1B}.Debug|x86.ActiveCfg = Debug|Any CPU
		{A5249DEC-D1E8-4D95-8C96-534EF98A3E1B}.Debug|x86.Build.0 = Debug|Any CPU
		{A5249DEC-D1E8-4D95-8C96-534EF98A3E1B}.Release|Any CPU.ActiveCfg = Release|Any CPU
		{A5249DEC-D1E8-4D95-8C96-534EF98A3E1B}.Release|Any CPU.Build.0 = Release|Any CPU
		{A5249DEC-D1E8-4D95-8C96-534EF98A3E1B}.Release|ARM32.ActiveCfg = Release|Any CPU
		{A5249DEC-D1E8-4D95-8C96-534EF98A3E1B}.Release|ARM32.Build.0 = Release|Any CPU
		{A5249DEC-D1E8-4D95-8C96-534EF98A3E1B}.Release|x86.ActiveCfg = Release|Any CPU
		{A5249DEC-D1E8-4D95-8C96-534EF98A3E1B}.Release|x86.Build.0 = Release|Any CPU
		{1D047616-7B42-403F-A54A-C677074CDACF}.Debug|Any CPU.ActiveCfg = Debug|Any CPU
		{1D047616-7B42-403F-A54A-C677074CDACF}.Debug|Any CPU.Build.0 = Debug|Any CPU
		{1D047616-7B42-403F-A54A-C677074CDACF}.Debug|ARM32.ActiveCfg = Debug|Any CPU
		{1D047616-7B42-403F-A54A-C677074CDACF}.Debug|ARM32.Build.0 = Debug|Any CPU
		{1D047616-7B42-403F-A54A-C677074CDACF}.Debug|x86.ActiveCfg = Debug|Any CPU
		{1D047616-7B42-403F-A54A-C677074CDACF}.Debug|x86.Build.0 = Debug|Any CPU
		{1D047616-7B42-403F-A54A-C677074CDACF}.Release|Any CPU.ActiveCfg = Release|Any CPU
		{1D047616-7B42-403F-A54A-C677074CDACF}.Release|Any CPU.Build.0 = Release|Any CPU
		{1D047616-7B42-403F-A54A-C677074CDACF}.Release|ARM32.ActiveCfg = Release|Any CPU
		{1D047616-7B42-403F-A54A-C677074CDACF}.Release|ARM32.Build.0 = Release|Any CPU
		{1D047616-7B42-403F-A54A-C677074CDACF}.Release|x86.ActiveCfg = Release|Any CPU
		{1D047616-7B42-403F-A54A-C677074CDACF}.Release|x86.Build.0 = Release|Any CPU
		{73861B80-AC53-441D-A178-C8F3C1FF0FB3}.Debug|Any CPU.ActiveCfg = Debug|Any CPU
		{73861B80-AC53-441D-A178-C8F3C1FF0FB3}.Debug|Any CPU.Build.0 = Debug|Any CPU
		{73861B80-AC53-441D-A178-C8F3C1FF0FB3}.Debug|ARM32.ActiveCfg = Debug|Any CPU
		{73861B80-AC53-441D-A178-C8F3C1FF0FB3}.Debug|ARM32.Build.0 = Debug|Any CPU
		{73861B80-AC53-441D-A178-C8F3C1FF0FB3}.Debug|x86.ActiveCfg = Debug|Any CPU
		{73861B80-AC53-441D-A178-C8F3C1FF0FB3}.Debug|x86.Build.0 = Debug|Any CPU
		{73861B80-AC53-441D-A178-C8F3C1FF0FB3}.Release|Any CPU.ActiveCfg = Release|Any CPU
		{73861B80-AC53-441D-A178-C8F3C1FF0FB3}.Release|Any CPU.Build.0 = Release|Any CPU
		{73861B80-AC53-441D-A178-C8F3C1FF0FB3}.Release|ARM32.ActiveCfg = Release|Any CPU
		{73861B80-AC53-441D-A178-C8F3C1FF0FB3}.Release|ARM32.Build.0 = Release|Any CPU
		{73861B80-AC53-441D-A178-C8F3C1FF0FB3}.Release|x86.ActiveCfg = Release|Any CPU
		{73861B80-AC53-441D-A178-C8F3C1FF0FB3}.Release|x86.Build.0 = Release|Any CPU
		{27CDB82D-51EF-447B-87F1-EEF08C629F9E}.Debug|Any CPU.ActiveCfg = Debug|Any CPU
		{27CDB82D-51EF-447B-87F1-EEF08C629F9E}.Debug|Any CPU.Build.0 = Debug|Any CPU
		{27CDB82D-51EF-447B-87F1-EEF08C629F9E}.Debug|ARM32.ActiveCfg = Debug|Any CPU
		{27CDB82D-51EF-447B-87F1-EEF08C629F9E}.Debug|ARM32.Build.0 = Debug|Any CPU
		{27CDB82D-51EF-447B-87F1-EEF08C629F9E}.Debug|x86.ActiveCfg = Debug|Any CPU
		{27CDB82D-51EF-447B-87F1-EEF08C629F9E}.Debug|x86.Build.0 = Debug|Any CPU
		{27CDB82D-51EF-447B-87F1-EEF08C629F9E}.Release|Any CPU.ActiveCfg = Release|Any CPU
		{27CDB82D-51EF-447B-87F1-EEF08C629F9E}.Release|Any CPU.Build.0 = Release|Any CPU
		{27CDB82D-51EF-447B-87F1-EEF08C629F9E}.Release|ARM32.ActiveCfg = Release|Any CPU
		{27CDB82D-51EF-447B-87F1-EEF08C629F9E}.Release|ARM32.Build.0 = Release|Any CPU
		{27CDB82D-51EF-447B-87F1-EEF08C629F9E}.Release|x86.ActiveCfg = Release|Any CPU
		{27CDB82D-51EF-447B-87F1-EEF08C629F9E}.Release|x86.Build.0 = Release|Any CPU
		{0320D162-4E7F-4AA1-844B-2FDF77EEC145}.Debug|Any CPU.ActiveCfg = Debug|Any CPU
		{0320D162-4E7F-4AA1-844B-2FDF77EEC145}.Debug|Any CPU.Build.0 = Debug|Any CPU
		{0320D162-4E7F-4AA1-844B-2FDF77EEC145}.Debug|ARM32.ActiveCfg = Debug|Any CPU
		{0320D162-4E7F-4AA1-844B-2FDF77EEC145}.Debug|ARM32.Build.0 = Debug|Any CPU
		{0320D162-4E7F-4AA1-844B-2FDF77EEC145}.Debug|x86.ActiveCfg = Debug|Any CPU
		{0320D162-4E7F-4AA1-844B-2FDF77EEC145}.Debug|x86.Build.0 = Debug|Any CPU
		{0320D162-4E7F-4AA1-844B-2FDF77EEC145}.Release|Any CPU.ActiveCfg = Release|Any CPU
		{0320D162-4E7F-4AA1-844B-2FDF77EEC145}.Release|Any CPU.Build.0 = Release|Any CPU
		{0320D162-4E7F-4AA1-844B-2FDF77EEC145}.Release|ARM32.ActiveCfg = Release|Any CPU
		{0320D162-4E7F-4AA1-844B-2FDF77EEC145}.Release|ARM32.Build.0 = Release|Any CPU
		{0320D162-4E7F-4AA1-844B-2FDF77EEC145}.Release|x86.ActiveCfg = Release|Any CPU
		{0320D162-4E7F-4AA1-844B-2FDF77EEC145}.Release|x86.Build.0 = Release|Any CPU
		{517D3B1E-EECB-43C3-83B9-33613F45908A}.Debug|Any CPU.ActiveCfg = Debug|Any CPU
		{517D3B1E-EECB-43C3-83B9-33613F45908A}.Debug|Any CPU.Build.0 = Debug|Any CPU
		{517D3B1E-EECB-43C3-83B9-33613F45908A}.Debug|ARM32.ActiveCfg = Debug|Any CPU
		{517D3B1E-EECB-43C3-83B9-33613F45908A}.Debug|ARM32.Build.0 = Debug|Any CPU
		{517D3B1E-EECB-43C3-83B9-33613F45908A}.Debug|x86.ActiveCfg = Debug|Any CPU
		{517D3B1E-EECB-43C3-83B9-33613F45908A}.Debug|x86.Build.0 = Debug|Any CPU
		{517D3B1E-EECB-43C3-83B9-33613F45908A}.Release|Any CPU.ActiveCfg = Release|Any CPU
		{517D3B1E-EECB-43C3-83B9-33613F45908A}.Release|Any CPU.Build.0 = Release|Any CPU
		{517D3B1E-EECB-43C3-83B9-33613F45908A}.Release|ARM32.ActiveCfg = Release|Any CPU
		{517D3B1E-EECB-43C3-83B9-33613F45908A}.Release|ARM32.Build.0 = Release|Any CPU
		{517D3B1E-EECB-43C3-83B9-33613F45908A}.Release|x86.ActiveCfg = Release|Any CPU
		{517D3B1E-EECB-43C3-83B9-33613F45908A}.Release|x86.Build.0 = Release|Any CPU
		{59CF4F65-0337-4877-A35F-D1B7585A7DB3}.Debug|Any CPU.ActiveCfg = Debug|Any CPU
		{59CF4F65-0337-4877-A35F-D1B7585A7DB3}.Debug|Any CPU.Build.0 = Debug|Any CPU
		{59CF4F65-0337-4877-A35F-D1B7585A7DB3}.Debug|ARM32.ActiveCfg = Debug|Any CPU
		{59CF4F65-0337-4877-A35F-D1B7585A7DB3}.Debug|ARM32.Build.0 = Debug|Any CPU
		{59CF4F65-0337-4877-A35F-D1B7585A7DB3}.Debug|x86.ActiveCfg = Debug|Any CPU
		{59CF4F65-0337-4877-A35F-D1B7585A7DB3}.Debug|x86.Build.0 = Debug|Any CPU
		{59CF4F65-0337-4877-A35F-D1B7585A7DB3}.Release|Any CPU.ActiveCfg = Release|Any CPU
		{59CF4F65-0337-4877-A35F-D1B7585A7DB3}.Release|Any CPU.Build.0 = Release|Any CPU
		{59CF4F65-0337-4877-A35F-D1B7585A7DB3}.Release|ARM32.ActiveCfg = Release|Any CPU
		{59CF4F65-0337-4877-A35F-D1B7585A7DB3}.Release|ARM32.Build.0 = Release|Any CPU
		{59CF4F65-0337-4877-A35F-D1B7585A7DB3}.Release|x86.ActiveCfg = Release|Any CPU
		{59CF4F65-0337-4877-A35F-D1B7585A7DB3}.Release|x86.Build.0 = Release|Any CPU
		{7CEB3DFE-8337-4B83-AE6A-D159D73E3CD3}.Debug|Any CPU.ActiveCfg = Debug|Any CPU
		{7CEB3DFE-8337-4B83-AE6A-D159D73E3CD3}.Debug|Any CPU.Build.0 = Debug|Any CPU
		{7CEB3DFE-8337-4B83-AE6A-D159D73E3CD3}.Debug|ARM32.ActiveCfg = Debug|Any CPU
		{7CEB3DFE-8337-4B83-AE6A-D159D73E3CD3}.Debug|ARM32.Build.0 = Debug|Any CPU
		{7CEB3DFE-8337-4B83-AE6A-D159D73E3CD3}.Debug|x86.ActiveCfg = Debug|Any CPU
		{7CEB3DFE-8337-4B83-AE6A-D159D73E3CD3}.Debug|x86.Build.0 = Debug|Any CPU
		{7CEB3DFE-8337-4B83-AE6A-D159D73E3CD3}.Release|Any CPU.ActiveCfg = Release|Any CPU
		{7CEB3DFE-8337-4B83-AE6A-D159D73E3CD3}.Release|Any CPU.Build.0 = Release|Any CPU
		{7CEB3DFE-8337-4B83-AE6A-D159D73E3CD3}.Release|ARM32.ActiveCfg = Release|Any CPU
		{7CEB3DFE-8337-4B83-AE6A-D159D73E3CD3}.Release|ARM32.Build.0 = Release|Any CPU
		{7CEB3DFE-8337-4B83-AE6A-D159D73E3CD3}.Release|x86.ActiveCfg = Release|Any CPU
		{7CEB3DFE-8337-4B83-AE6A-D159D73E3CD3}.Release|x86.Build.0 = Release|Any CPU
		{5E119B71-D17F-42BA-8437-A9F5B941CFD7}.Debug|Any CPU.ActiveCfg = Debug|Any CPU
		{5E119B71-D17F-42BA-8437-A9F5B941CFD7}.Debug|Any CPU.Build.0 = Debug|Any CPU
		{5E119B71-D17F-42BA-8437-A9F5B941CFD7}.Debug|ARM32.ActiveCfg = Debug|Any CPU
		{5E119B71-D17F-42BA-8437-A9F5B941CFD7}.Debug|ARM32.Build.0 = Debug|Any CPU
		{5E119B71-D17F-42BA-8437-A9F5B941CFD7}.Debug|x86.ActiveCfg = Debug|Any CPU
		{5E119B71-D17F-42BA-8437-A9F5B941CFD7}.Debug|x86.Build.0 = Debug|Any CPU
		{5E119B71-D17F-42BA-8437-A9F5B941CFD7}.Release|Any CPU.ActiveCfg = Release|Any CPU
		{5E119B71-D17F-42BA-8437-A9F5B941CFD7}.Release|Any CPU.Build.0 = Release|Any CPU
		{5E119B71-D17F-42BA-8437-A9F5B941CFD7}.Release|ARM32.ActiveCfg = Release|Any CPU
		{5E119B71-D17F-42BA-8437-A9F5B941CFD7}.Release|ARM32.Build.0 = Release|Any CPU
		{5E119B71-D17F-42BA-8437-A9F5B941CFD7}.Release|x86.ActiveCfg = Release|Any CPU
		{5E119B71-D17F-42BA-8437-A9F5B941CFD7}.Release|x86.Build.0 = Release|Any CPU
		{A8FDDB0E-835A-4042-A955-66A2DB98207D}.Debug|Any CPU.ActiveCfg = Debug|Any CPU
		{A8FDDB0E-835A-4042-A955-66A2DB98207D}.Debug|Any CPU.Build.0 = Debug|Any CPU
		{A8FDDB0E-835A-4042-A955-66A2DB98207D}.Debug|ARM32.ActiveCfg = Debug|Any CPU
		{A8FDDB0E-835A-4042-A955-66A2DB98207D}.Debug|ARM32.Build.0 = Debug|Any CPU
		{A8FDDB0E-835A-4042-A955-66A2DB98207D}.Debug|x86.ActiveCfg = Debug|Any CPU
		{A8FDDB0E-835A-4042-A955-66A2DB98207D}.Debug|x86.Build.0 = Debug|Any CPU
		{A8FDDB0E-835A-4042-A955-66A2DB98207D}.Release|Any CPU.ActiveCfg = Release|Any CPU
		{A8FDDB0E-835A-4042-A955-66A2DB98207D}.Release|Any CPU.Build.0 = Release|Any CPU
		{A8FDDB0E-835A-4042-A955-66A2DB98207D}.Release|ARM32.ActiveCfg = Release|Any CPU
		{A8FDDB0E-835A-4042-A955-66A2DB98207D}.Release|ARM32.Build.0 = Release|Any CPU
		{A8FDDB0E-835A-4042-A955-66A2DB98207D}.Release|x86.ActiveCfg = Release|Any CPU
		{A8FDDB0E-835A-4042-A955-66A2DB98207D}.Release|x86.Build.0 = Release|Any CPU
		{AFBF6813-DA87-4621-9659-5D123234CDDF}.Debug|Any CPU.ActiveCfg = Debug|Any CPU
		{AFBF6813-DA87-4621-9659-5D123234CDDF}.Debug|Any CPU.Build.0 = Debug|Any CPU
		{AFBF6813-DA87-4621-9659-5D123234CDDF}.Debug|ARM32.ActiveCfg = Debug|Any CPU
		{AFBF6813-DA87-4621-9659-5D123234CDDF}.Debug|ARM32.Build.0 = Debug|Any CPU
		{AFBF6813-DA87-4621-9659-5D123234CDDF}.Debug|x86.ActiveCfg = Debug|Any CPU
		{AFBF6813-DA87-4621-9659-5D123234CDDF}.Debug|x86.Build.0 = Debug|Any CPU
		{AFBF6813-DA87-4621-9659-5D123234CDDF}.Release|Any CPU.ActiveCfg = Release|Any CPU
		{AFBF6813-DA87-4621-9659-5D123234CDDF}.Release|Any CPU.Build.0 = Release|Any CPU
		{AFBF6813-DA87-4621-9659-5D123234CDDF}.Release|ARM32.ActiveCfg = Release|Any CPU
		{AFBF6813-DA87-4621-9659-5D123234CDDF}.Release|ARM32.Build.0 = Release|Any CPU
		{AFBF6813-DA87-4621-9659-5D123234CDDF}.Release|x86.ActiveCfg = Release|Any CPU
		{AFBF6813-DA87-4621-9659-5D123234CDDF}.Release|x86.Build.0 = Release|Any CPU
		{FA0F2233-7BD5-49A0-8333-BA471509F2D7}.Debug|Any CPU.ActiveCfg = Debug|Any CPU
		{FA0F2233-7BD5-49A0-8333-BA471509F2D7}.Debug|Any CPU.Build.0 = Debug|Any CPU
		{FA0F2233-7BD5-49A0-8333-BA471509F2D7}.Debug|ARM32.ActiveCfg = Debug|Any CPU
		{FA0F2233-7BD5-49A0-8333-BA471509F2D7}.Debug|ARM32.Build.0 = Debug|Any CPU
		{FA0F2233-7BD5-49A0-8333-BA471509F2D7}.Debug|x86.ActiveCfg = Debug|Any CPU
		{FA0F2233-7BD5-49A0-8333-BA471509F2D7}.Debug|x86.Build.0 = Debug|Any CPU
		{FA0F2233-7BD5-49A0-8333-BA471509F2D7}.Release|Any CPU.ActiveCfg = Release|Any CPU
		{FA0F2233-7BD5-49A0-8333-BA471509F2D7}.Release|Any CPU.Build.0 = Release|Any CPU
		{FA0F2233-7BD5-49A0-8333-BA471509F2D7}.Release|ARM32.ActiveCfg = Release|Any CPU
		{FA0F2233-7BD5-49A0-8333-BA471509F2D7}.Release|ARM32.Build.0 = Release|Any CPU
		{FA0F2233-7BD5-49A0-8333-BA471509F2D7}.Release|x86.ActiveCfg = Release|Any CPU
		{FA0F2233-7BD5-49A0-8333-BA471509F2D7}.Release|x86.Build.0 = Release|Any CPU
	EndGlobalSection
	GlobalSection(SolutionProperties) = preSolution
		HideSolutionNode = FALSE
	EndGlobalSection
	GlobalSection(NestedProjects) = preSolution
		{DD0C850D-86E5-4FFF-BFF3-8797EB448B47} = {88992AAF-146B-4253-9AD7-493E8F415B57}
		{8C38F3D1-6D72-483C-9DBD-3111D6F5898D} = {88992AAF-146B-4253-9AD7-493E8F415B57}
		{73861B80-AC53-441D-A178-C8F3C1FF0FB3} = {88992AAF-146B-4253-9AD7-493E8F415B57}
		{0320D162-4E7F-4AA1-844B-2FDF77EEC145} = {88992AAF-146B-4253-9AD7-493E8F415B57}
		{517D3B1E-EECB-43C3-83B9-33613F45908A} = {88992AAF-146B-4253-9AD7-493E8F415B57}
		{7CEB3DFE-8337-4B83-AE6A-D159D73E3CD3} = {88992AAF-146B-4253-9AD7-493E8F415B57}
		{A8FDDB0E-835A-4042-A955-66A2DB98207D} = {88992AAF-146B-4253-9AD7-493E8F415B57}
	EndGlobalSection
	GlobalSection(ExtensibilityGlobals) = postSolution
		SolutionGuid = {230A85B9-54F1-41B1-B1DA-80086581B2B4}
	EndGlobalSection
EndGlobal
