
Microsoft Visual Studio Solution File, Format Version 12.00
# Visual Studio Version 16
VisualStudioVersion = 16.0.30523.141
MinimumVisualStudioVersion = 10.0.40219.1
Project("{9A19103F-16F7-4668-BE54-9A1E7A4F7556}") = "SqlSeverTest", "SqlSeverTest\SqlSeverTest.csproj", "{B44F2513-E55B-480F-A41C-685DDD083355}"
EndProject
Project("{9A19103F-16F7-4668-BE54-9A1E7A4F7556}") = "SqlSugar", "SqlSugar\SqlSugar.csproj", "{1E032FA3-627E-4D59-9C11-C8D8114F24FF}"
EndProject
Project("{9A19103F-16F7-4668-BE54-9A1E7A4F7556}") = "MySqlTest", "MySqlTest\MySqlTest.csproj", "{DEB62FB9-C743-4C2B-BC78-50FB0E8B44FE}"
EndProject
Project("{9A19103F-16F7-4668-BE54-9A1E7A4F7556}") = "SqliteTest", "SqliteTest\SqliteTest.csproj", "{AE73F090-22EC-49E4-AFEE-879FFFA292EC}"
EndProject
Project("{9A19103F-16F7-4668-BE54-9A1E7A4F7556}") = "OracleTest", "OracleTest\OracleTest.csproj", "{3247B9CB-C92D-4AE3-8A35-3131AB2BD406}"
EndProject
Project("{9A19103F-16F7-4668-BE54-9A1E7A4F7556}") = "NugetTest", "NugetTest\NugetTest.csproj", "{E76C6F9B-BA90-4A5A-94D9-D3D48CBB6AA3}"
EndProject
Project("{9A19103F-16F7-4668-BE54-9A1E7A4F7556}") = "PgSqlTest", "PgSqlTest\PgSqlTest.csproj", "{B9005A73-5307-48FB-90EA-CC18FE6926E2}"
EndProject
Project("{9A19103F-16F7-4668-BE54-9A1E7A4F7556}") = "DmOrmTest", "DmOrmTest\DmOrmTest.csproj", "{FBA1A5CC-1C9D-476F-B19D-FD5E2201C30A}"
EndProject
Project("{9A19103F-16F7-4668-BE54-9A1E7A4F7556}") = "KdbndpTest", "KdbndpTest\KdbndpTest.csproj", "{21744B61-74AB-4706-9A52-C9D0C4AAD19E}"
EndProject
Project("{FAE04EC0-301F-11D3-BF4B-00C04F79EFBC}") = "CacheTest", "CacheTest\CacheTest.csproj", "{2EC6C9BD-6B8F-4EC3-B4ED-EAEFD8BB735C}"
EndProject
Global
	GlobalSection(SolutionConfigurationPlatforms) = preSolution
		Debug|Any CPU = Debug|Any CPU
		Release|Any CPU = Release|Any CPU
	EndGlobalSection
	GlobalSection(ProjectConfigurationPlatforms) = postSolution
		{B44F2513-E55B-480F-A41C-685DDD083355}.Debug|Any CPU.ActiveCfg = Debug|Any CPU
		{B44F2513-E55B-480F-A41C-685DDD083355}.Debug|Any CPU.Build.0 = Debug|Any CPU
		{B44F2513-E55B-480F-A41C-685DDD083355}.Release|Any CPU.ActiveCfg = Release|Any CPU
		{B44F2513-E55B-480F-A41C-685DDD083355}.Release|Any CPU.Build.0 = Release|Any CPU
		{1E032FA3-627E-4D59-9C11-C8D8114F24FF}.Debug|Any CPU.ActiveCfg = Debug|Any CPU
		{1E032FA3-627E-4D59-9C11-C8D8114F24FF}.Debug|Any CPU.Build.0 = Debug|Any CPU
		{1E032FA3-627E-4D59-9C11-C8D8114F24FF}.Release|Any CPU.ActiveCfg = Release|Any CPU
		{1E032FA3-627E-4D59-9C11-C8D8114F24FF}.Release|Any CPU.Build.0 = Release|Any CPU
		{DEB62FB9-C743-4C2B-BC78-50FB0E8B44FE}.Debug|Any CPU.ActiveCfg = Debug|Any CPU
		{DEB62FB9-C743-4C2B-BC78-50FB0E8B44FE}.Debug|Any CPU.Build.0 = Debug|Any CPU
		{DEB62FB9-C743-4C2B-BC78-50FB0E8B44FE}.Release|Any CPU.ActiveCfg = Release|Any CPU
		{DEB62FB9-C743-4C2B-BC78-50FB0E8B44FE}.Release|Any CPU.Build.0 = Release|Any CPU
		{AE73F090-22EC-49E4-AFEE-879FFFA292EC}.Debug|Any CPU.ActiveCfg = Debug|Any CPU
		{AE73F090-22EC-49E4-AFEE-879FFFA292EC}.Debug|Any CPU.Build.0 = Debug|Any CPU
		{AE73F090-22EC-49E4-AFEE-879FFFA292EC}.Release|Any CPU.ActiveCfg = Release|Any CPU
		{AE73F090-22EC-49E4-AFEE-879FFFA292EC}.Release|Any CPU.Build.0 = Release|Any CPU
		{3247B9CB-C92D-4AE3-8A35-3131AB2BD406}.Debug|Any CPU.ActiveCfg = Debug|Any CPU
		{3247B9CB-C92D-4AE3-8A35-3131AB2BD406}.Debug|Any CPU.Build.0 = Debug|Any CPU
		{3247B9CB-C92D-4AE3-8A35-3131AB2BD406}.Release|Any CPU.ActiveCfg = Release|Any CPU
		{3247B9CB-C92D-4AE3-8A35-3131AB2BD406}.Release|Any CPU.Build.0 = Release|Any CPU
		{E76C6F9B-BA90-4A5A-94D9-D3D48CBB6AA3}.Debug|Any CPU.ActiveCfg = Debug|Any CPU
		{E76C6F9B-BA90-4A5A-94D9-D3D48CBB6AA3}.Debug|Any CPU.Build.0 = Debug|Any CPU
		{E76C6F9B-BA90-4A5A-94D9-D3D48CBB6AA3}.Release|Any CPU.ActiveCfg = Release|Any CPU
		{E76C6F9B-BA90-4A5A-94D9-D3D48CBB6AA3}.Release|Any CPU.Build.0 = Release|Any CPU
		{B9005A73-5307-48FB-90EA-CC18FE6926E2}.Debug|Any CPU.ActiveCfg = Debug|Any CPU
		{B9005A73-5307-48FB-90EA-CC18FE6926E2}.Debug|Any CPU.Build.0 = Debug|Any CPU
		{B9005A73-5307-48FB-90EA-CC18FE6926E2}.Release|Any CPU.ActiveCfg = Release|Any CPU
		{B9005A73-5307-48FB-90EA-CC18FE6926E2}.Release|Any CPU.Build.0 = Release|Any CPU
		{FBA1A5CC-1C9D-476F-B19D-FD5E2201C30A}.Debug|Any CPU.ActiveCfg = Debug|Any CPU
		{FBA1A5CC-1C9D-476F-B19D-FD5E2201C30A}.Debug|Any CPU.Build.0 = Debug|Any CPU
		{FBA1A5CC-1C9D-476F-B19D-FD5E2201C30A}.Release|Any CPU.ActiveCfg = Release|Any CPU
		{FBA1A5CC-1C9D-476F-B19D-FD5E2201C30A}.Release|Any CPU.Build.0 = Release|Any CPU
		{21744B61-74AB-4706-9A52-C9D0C4AAD19E}.Debug|Any CPU.ActiveCfg = Debug|Any CPU
		{21744B61-74AB-4706-9A52-C9D0C4AAD19E}.Debug|Any CPU.Build.0 = Debug|Any CPU
		{21744B61-74AB-4706-9A52-C9D0C4AAD19E}.Release|Any CPU.ActiveCfg = Release|Any CPU
		{21744B61-74AB-4706-9A52-C9D0C4AAD19E}.Release|Any CPU.Build.0 = Release|Any CPU
		{2EC6C9BD-6B8F-4EC3-B4ED-EAEFD8BB735C}.Debug|Any CPU.ActiveCfg = Debug|Any CPU
		{2EC6C9BD-6B8F-4EC3-B4ED-EAEFD8BB735C}.Debug|Any CPU.Build.0 = Debug|Any CPU
		{2EC6C9BD-6B8F-4EC3-B4ED-EAEFD8BB735C}.Release|Any CPU.ActiveCfg = Release|Any CPU
		{2EC6C9BD-6B8F-4EC3-B4ED-EAEFD8BB735C}.Release|Any CPU.Build.0 = Release|Any CPU
	EndGlobalSection
	GlobalSection(SolutionProperties) = preSolution
		HideSolutionNode = FALSE
	EndGlobalSection
	GlobalSection(ExtensibilityGlobals) = postSolution
		SolutionGuid = {230A85B9-54F1-41B1-B1DA-80086581B2B4}
	EndGlobalSection
EndGlobal
