
Microsoft Visual Studio Solution File, Format Version 12.00
# Visual Studio 15
VisualStudioVersion = 15.0.26730.10
MinimumVisualStudioVersion = 10.0.40219.1
Project("{9A19103F-16F7-4668-BE54-9A1E7A4F7556}") = "SqlSeverTest", "SqlSeverTest\SqlSeverTest.csproj", "{B44F2513-E55B-480F-A41C-685DDD083355}"
EndProject
Project("{9A19103F-16F7-4668-BE54-9A1E7A4F7556}") = "SqlSugar", "SqlSugar\SqlSugar.csproj", "{1E032FA3-627E-4D59-9C11-C8D8114F24FF}"
EndProject
Project("{9A19103F-16F7-4668-BE54-9A1E7A4F7556}") = "MySqlTest", "MySqlTest\MySqlTest.csproj", "{DEB62FB9-C743-4C2B-BC78-50FB0E8B44FE}"
EndProject
Project("{9A19103F-16F7-4668-BE54-9A1E7A4F7556}") = "SqliteTest", "SqliteTest\SqliteTest.csproj", "{AE73F090-22EC-49E4-AFEE-879FFFA292EC}"
EndProject
Project("{9A19103F-16F7-4668-BE54-9A1E7A4F7556}") = "OracleTest", "OracleTest\OracleTest.csproj", "{3247B9CB-C92D-4AE3-8A35-3131AB2BD406}"
EndProject
Project("{9A19103F-16F7-4668-BE54-9A1E7A4F7556}") = "NugetTest", "NugetTest\NugetTest.csproj", "{E76C6F9B-BA90-4A5A-94D9-D3D48CBB6AA3}"
EndProject
Project("{FAE04EC0-301F-11D3-BF4B-00C04F79EFBC}") = "PgSqlTest", "PgSqlTest\PgSqlTest.csproj", "{B9005A73-5307-48FB-90EA-CC18FE6926E2}"
EndProject
Global
	GlobalSection(SolutionConfigurationPlatforms) = preSolution
		Debug|Any CPU = Debug|Any CPU
		Release|Any CPU = Release|Any CPU
	EndGlobalSection
	GlobalSection(ProjectConfigurationPlatforms) = postSolution
		{B44F2513-E55B-480F-A41C-685DDD083355}.Debug|Any CPU.ActiveCfg = Debug|Any CPU
		{B44F2513-E55B-480F-A41C-685DDD083355}.Debug|Any CPU.Build.0 = Debug|Any CPU
		{B44F2513-E55B-480F-A41C-685DDD083355}.Release|Any CPU.ActiveCfg = Release|Any CPU
		{B44F2513-E55B-480F-A41C-685DDD083355}.Release|Any CPU.Build.0 = Release|Any CPU
		{1E032FA3-627E-4D59-9C11-C8D8114F24FF}.Debug|Any CPU.ActiveCfg = Debug|Any CPU
		{1E032FA3-627E-4D59-9C11-C8D8114F24FF}.Debug|Any CPU.Build.0 = Debug|Any CPU
		{1E032FA3-627E-4D59-9C11-C8D8114F24FF}.Release|Any CPU.ActiveCfg = Release|Any CPU
		{1E032FA3-627E-4D59-9C11-C8D8114F24FF}.Release|Any CPU.Build.0 = Release|Any CPU
		{DEB62FB9-C743-4C2B-BC78-50FB0E8B44FE}.Debug|Any CPU.ActiveCfg = Debug|Any CPU
		{DEB62FB9-C743-4C2B-BC78-50FB0E8B44FE}.Debug|Any CPU.Build.0 = Debug|Any CPU
		{DEB62FB9-C743-4C2B-BC78-50FB0E8B44FE}.Release|Any CPU.ActiveCfg = Release|Any CPU
		{DEB62FB9-C743-4C2B-BC78-50FB0E8B44FE}.Release|Any CPU.Build.0 = Release|Any CPU
		{AE73F090-22EC-49E4-AFEE-879FFFA292EC}.Debug|Any CPU.ActiveCfg = Debug|Any CPU
		{AE73F090-22EC-49E4-AFEE-879FFFA292EC}.Debug|Any CPU.Build.0 = Debug|Any CPU
		{AE73F090-22EC-49E4-AFEE-879FFFA292EC}.Release|Any CPU.ActiveCfg = Release|Any CPU
		{AE73F090-22EC-49E4-AFEE-879FFFA292EC}.Release|Any CPU.Build.0 = Release|Any CPU
		{3247B9CB-C92D-4AE3-8A35-3131AB2BD406}.Debug|Any CPU.ActiveCfg = Debug|Any CPU
		{3247B9CB-C92D-4AE3-8A35-3131AB2BD406}.Debug|Any CPU.Build.0 = Debug|Any CPU
		{3247B9CB-C92D-4AE3-8A35-3131AB2BD406}.Release|Any CPU.ActiveCfg = Release|Any CPU
		{3247B9CB-C92D-4AE3-8A35-3131AB2BD406}.Release|Any CPU.Build.0 = Release|Any CPU
		{E76C6F9B-BA90-4A5A-94D9-D3D48CBB6AA3}.Debug|Any CPU.ActiveCfg = Debug|Any CPU
		{E76C6F9B-BA90-4A5A-94D9-D3D48CBB6AA3}.Debug|Any CPU.Build.0 = Debug|Any CPU
		{E76C6F9B-BA90-4A5A-94D9-D3D48CBB6AA3}.Release|Any CPU.ActiveCfg = Release|Any CPU
		{E76C6F9B-BA90-4A5A-94D9-D3D48CBB6AA3}.Release|Any CPU.Build.0 = Release|Any CPU
		{B9005A73-5307-48FB-90EA-CC18FE6926E2}.Debug|Any CPU.ActiveCfg = Debug|Any CPU
		{B9005A73-5307-48FB-90EA-CC18FE6926E2}.Debug|Any CPU.Build.0 = Debug|Any CPU
		{B9005A73-5307-48FB-90EA-CC18FE6926E2}.Release|Any CPU.ActiveCfg = Release|Any CPU
		{B9005A73-5307-48FB-90EA-CC18FE6926E2}.Release|Any CPU.Build.0 = Release|Any CPU
	EndGlobalSection
	GlobalSection(SolutionProperties) = preSolution
		HideSolutionNode = FALSE
	EndGlobalSection
	GlobalSection(ExtensibilityGlobals) = postSolution
		SolutionGuid = {230A85B9-54F1-41B1-B1DA-80086581B2B4}
	EndGlobalSection
EndGlobal
